
Microsoft Visual Studio Solution File, Format Version 12.00
# Visual Studio Version 17
VisualStudioVersion = 17.13.35825.156 d17.13
MinimumVisualStudioVersion = 10.0.40219.1
Project("{FAE04EC0-301F-11D3-BF4B-00C04F79EFBC}") = "ConsoleApp1", "ConsoleApp1\ConsoleApp1.csproj", "{4CA38A6D-8B54-487E-B919-3E6C1D71BAAB}"
EndProject
Global
	GlobalSection(SolutionConfigurationPlatforms) = preSolution
		Debug|Any CPU = Debug|Any CPU
		Release|Any CPU = Release|Any CPU
	EndGlobalSection
	GlobalSection(ProjectConfigurationPlatforms) = postSolution
		{4CA38A6D-8B54-487E-B919-3E6C1D71BAAB}.Debug|Any CPU.ActiveCfg = Debug|Any CPU
		{4CA38A6D-8B54-487E-B919-3E6C1D71BAAB}.Debug|Any CPU.Build.0 = Debug|Any CPU
		{4CA38A6D-8B54-487E-B919-3E6C1D71BAAB}.Release|Any CPU.ActiveCfg = Release|Any CPU
		{4CA38A6D-8B54-487E-B919-3E6C1D71BAAB}.Release|Any CPU.Build.0 = Release|Any CPU
	EndGlobalSection
	GlobalSection(SolutionProperties) = preSolution
		HideSolutionNode = FALSE
	EndGlobalSection
	GlobalSection(ExtensibilityGlobals) = postSolution
		SolutionGuid = {B809F8A3-46A5-4A8C-98F7-AA17841FC56A}
	EndGlobalSection
EndGlobal
