
Microsoft Visual Studio Solution File, Format Version 12.00
# Visual Studio Version 17
VisualStudioVersion = 17.13.35825.156 d17.13
MinimumVisualStudioVersion = 10.0.40219.1
Project("{FAE04EC0-301F-11D3-BF4B-00C04F79EFBC}") = "AccesModifiers", "AccesModifiers\AccesModifiers.csproj", "{ABD15BDB-8D81-47BE-8CAB-B2AF0E60DD0E}"
EndProject
Global
	GlobalSection(SolutionConfigurationPlatforms) = preSolution
		Debug|Any CPU = Debug|Any CPU
		Release|Any CPU = Release|Any CPU
	EndGlobalSection
	GlobalSection(ProjectConfigurationPlatforms) = postSolution
		{ABD15BDB-8D81-47BE-8CAB-B2AF0E60DD0E}.Debug|Any CPU.ActiveCfg = Debug|Any CPU
		{ABD15BDB-8D81-47BE-8CAB-B2AF0E60DD0E}.Debug|Any CPU.Build.0 = Debug|Any CPU
		{ABD15BDB-8D81-47BE-8CAB-B2AF0E60DD0E}.Release|Any CPU.ActiveCfg = Release|Any CPU
		{ABD15BDB-8D81-47BE-8CAB-B2AF0E60DD0E}.Release|Any CPU.Build.0 = Release|Any CPU
	EndGlobalSection
	GlobalSection(SolutionProperties) = preSolution
		HideSolutionNode = FALSE
	EndGlobalSection
	GlobalSection(ExtensibilityGlobals) = postSolution
		SolutionGuid = {CAB2AE06-E7A1-4DCD-8A04-6C535AA5DBB2}
	EndGlobalSection
EndGlobal
