
Microsoft Visual Studio Solution File, Format Version 12.00
# Visual Studio Version 17
VisualStudioVersion = 17.13.35825.156 d17.13
MinimumVisualStudioVersion = 10.0.40219.1
Project("{FAE04EC0-301F-11D3-BF4B-00C04F79EFBC}") = "Arrays", "Arrays\Arrays.csproj", "{67C5FBED-A89C-4F81-941D-E1BC9C83AE60}"
EndProject
Global
	GlobalSection(SolutionConfigurationPlatforms) = preSolution
		Debug|Any CPU = Debug|Any CPU
		Release|Any CPU = Release|Any CPU
	EndGlobalSection
	GlobalSection(ProjectConfigurationPlatforms) = postSolution
		{67C5FBED-A89C-4F81-941D-E1BC9C83AE60}.Debug|Any CPU.ActiveCfg = Debug|Any CPU
		{67C5FBED-A89C-4F81-941D-E1BC9C83AE60}.Debug|Any CPU.Build.0 = Debug|Any CPU
		{67C5FBED-A89C-4F81-941D-E1BC9C83AE60}.Release|Any CPU.ActiveCfg = Release|Any CPU
		{67C5FBED-A89C-4F81-941D-E1BC9C83AE60}.Release|Any CPU.Build.0 = Release|Any CPU
	EndGlobalSection
	GlobalSection(SolutionProperties) = preSolution
		HideSolutionNode = FALSE
	EndGlobalSection
	GlobalSection(ExtensibilityGlobals) = postSolution
		SolutionGuid = {DA1A2666-EA7A-4D61-BD14-26B239AADF0B}
	EndGlobalSection
EndGlobal
